
Microsoft Visual Studio Solution File, Format Version 12.00
# Visual Studio 15
VisualStudioVersion = 15.0.27703.2047
MinimumVisualStudioVersion = 10.0.40219.1
Project("{FAE04EC0-301F-11D3-BF4B-00C04F79EFBC}") = "StackTrace", "StackTrace\StackTrace.csproj", "{EDF42805-01D0-414B-9472-2F91FAFF01CC}"
EndProject
Global
	GlobalSection(SolutionConfigurationPlatforms) = preSolution
		Debug|Any CPU = Debug|Any CPU
		Release|Any CPU = Release|Any CPU
	EndGlobalSection
	GlobalSection(ProjectConfigurationPlatforms) = postSolution
		{EDF42805-01D0-414B-9472-2F91FAFF01CC}.Debug|Any CPU.ActiveCfg = Debug|Any CPU
		{EDF42805-01D0-414B-9472-2F91FAFF01CC}.Debug|Any CPU.Build.0 = Debug|Any CPU
		{EDF42805-01D0-414B-9472-2F91FAFF01CC}.Release|Any CPU.ActiveCfg = Release|Any CPU
		{EDF42805-01D0-414B-9472-2F91FAFF01CC}.Release|Any CPU.Build.0 = Release|Any CPU
	EndGlobalSection
	GlobalSection(SolutionProperties) = preSolution
		HideSolutionNode = FALSE
	EndGlobalSection
	GlobalSection(ExtensibilityGlobals) = postSolution
		SolutionGuid = {D6A2F77A-79F9-4964-BFDE-4198869D9A16}
	EndGlobalSection
EndGlobal
